// !$*UTF8*$!
{
	archiveVersion = 1;
	classes = {
	};
	objectVersion = 50;
	objects = {

/* Begin PBXBuildFile section */
		10B590D08E74F493F1CAC4C6 /* Pods_WeatherApp.framework in Frameworks */ = {isa = PBXBuildFile; fileRef = 2087580B500090AEAD36C672 /* Pods_WeatherApp.framework */; };
		11ADCAB122455F3800029CF5 /* AppDelegate.swift in Sources */ = {isa = PBXBuildFile; fileRef = 11ADCAB022455F3800029CF5 /* AppDelegate.swift */; };
		11ADCAB322455F3800029CF5 /* ViewController.swift in Sources */ = {isa = PBXBuildFile; fileRef = 11ADCAB222455F3800029CF5 /* ViewController.swift */; };
		11ADCAB622455F3800029CF5 /* Main.storyboard in Resources */ = {isa = PBXBuildFile; fileRef = 11ADCAB422455F3800029CF5 /* Main.storyboard */; };
		11ADCAB922455F3800029CF5 /* WeatherApp.xcdatamodeld in Sources */ = {isa = PBXBuildFile; fileRef = 11ADCAB722455F3800029CF5 /* WeatherApp.xcdatamodeld */; };
		11ADCABB22455F3A00029CF5 /* Assets.xcassets in Resources */ = {isa = PBXBuildFile; fileRef = 11ADCABA22455F3A00029CF5 /* Assets.xcassets */; };
		11ADCABE22455F3A00029CF5 /* LaunchScreen.storyboard in Resources */ = {isa = PBXBuildFile; fileRef = 11ADCABC22455F3A00029CF5 /* LaunchScreen.storyboard */; };
		11ADCAC922455F3A00029CF5 /* WeatherAppTests.swift in Sources */ = {isa = PBXBuildFile; fileRef = 11ADCAC822455F3A00029CF5 /* WeatherAppTests.swift */; };
		11ADCAD422455F3A00029CF5 /* WeatherAppUITests.swift in Sources */ = {isa = PBXBuildFile; fileRef = 11ADCAD322455F3A00029CF5 /* WeatherAppUITests.swift */; };
		5881C36CABEADE6EC87E6AD9 /* Pods_WeatherAppUITests.framework in Frameworks */ = {isa = PBXBuildFile; fileRef = 8C3EAED21BC75C5363D55E32 /* Pods_WeatherAppUITests.framework */; };
		B54FA34A189F22F042B19321 /* Pods_WeatherAppTests.framework in Frameworks */ = {isa = PBXBuildFile; fileRef = 6A69DDB56F408A0F7ECB40DB /* Pods_WeatherAppTests.framework */; };
/* End PBXBuildFile section */

/* Begin PBXContainerItemProxy section */
		11ADCAC522455F3A00029CF5 /* PBXContainerItemProxy */ = {
			isa = PBXContainerItemProxy;
			containerPortal = 11ADCAA522455F3800029CF5 /* Project object */;
			proxyType = 1;
			remoteGlobalIDString = 11ADCAAC22455F3800029CF5;
			remoteInfo = WeatherApp;
		};
		11ADCAD022455F3A00029CF5 /* PBXContainerItemProxy */ = {
			isa = PBXContainerItemProxy;
			containerPortal = 11ADCAA522455F3800029CF5 /* Project object */;
			proxyType = 1;
			remoteGlobalIDString = 11ADCAAC22455F3800029CF5;
			remoteInfo = WeatherApp;
		};
/* End PBXContainerItemProxy section */

/* Begin PBXFileReference section */
		11ADCAAD22455F3800029CF5 /* WeatherApp.app */ = {isa = PBXFileReference; explicitFileType = wrapper.application; includeInIndex = 0; path = WeatherApp.app; sourceTree = BUILT_PRODUCTS_DIR; };
		11ADCAB022455F3800029CF5 /* AppDelegate.swift */ = {isa = PBXFileReference; lastKnownFileType = sourcecode.swift; path = AppDelegate.swift; sourceTree = "<group>"; };
		11ADCAB222455F3800029CF5 /* ViewController.swift */ = {isa = PBXFileReference; lastKnownFileType = sourcecode.swift; path = ViewController.swift; sourceTree = "<group>"; };
		11ADCAB522455F3800029CF5 /* Base */ = {isa = PBXFileReference; lastKnownFileType = file.storyboard; name = Base; path = Base.lproj/Main.storyboard; sourceTree = "<group>"; };
		11ADCAB822455F3800029CF5 /* WeatherApp.xcdatamodel */ = {isa = PBXFileReference; lastKnownFileType = wrapper.xcdatamodel; path = WeatherApp.xcdatamodel; sourceTree = "<group>"; };
		11ADCABA22455F3A00029CF5 /* Assets.xcassets */ = {isa = PBXFileReference; lastKnownFileType = folder.assetcatalog; path = Assets.xcassets; sourceTree = "<group>"; };
		11ADCABD22455F3A00029CF5 /* Base */ = {isa = PBXFileReference; lastKnownFileType = file.storyboard; name = Base; path = Base.lproj/LaunchScreen.storyboard; sourceTree = "<group>"; };
		11ADCABF22455F3A00029CF5 /* Info.plist */ = {isa = PBXFileReference; lastKnownFileType = text.plist.xml; path = Info.plist; sourceTree = "<group>"; };
		11ADCAC422455F3A00029CF5 /* WeatherAppTests.xctest */ = {isa = PBXFileReference; explicitFileType = wrapper.cfbundle; includeInIndex = 0; path = WeatherAppTests.xctest; sourceTree = BUILT_PRODUCTS_DIR; };
		11ADCAC822455F3A00029CF5 /* WeatherAppTests.swift */ = {isa = PBXFileReference; lastKnownFileType = sourcecode.swift; path = WeatherAppTests.swift; sourceTree = "<group>"; };
		11ADCACA22455F3A00029CF5 /* Info.plist */ = {isa = PBXFileReference; lastKnownFileType = text.plist.xml; path = Info.plist; sourceTree = "<group>"; };
		11ADCACF22455F3A00029CF5 /* WeatherAppUITests.xctest */ = {isa = PBXFileReference; explicitFileType = wrapper.cfbundle; includeInIndex = 0; path = WeatherAppUITests.xctest; sourceTree = BUILT_PRODUCTS_DIR; };
		11ADCAD322455F3A00029CF5 /* WeatherAppUITests.swift */ = {isa = PBXFileReference; lastKnownFileType = sourcecode.swift; path = WeatherAppUITests.swift; sourceTree = "<group>"; };
		11ADCAD522455F3A00029CF5 /* Info.plist */ = {isa = PBXFileReference; lastKnownFileType = text.plist.xml; path = Info.plist; sourceTree = "<group>"; };
		2087580B500090AEAD36C672 /* Pods_WeatherApp.framework */ = {isa = PBXFileReference; explicitFileType = wrapper.framework; includeInIndex = 0; path = Pods_WeatherApp.framework; sourceTree = BUILT_PRODUCTS_DIR; };
		2395917C5CCD8F3E92C11816 /* Pods-WeatherAppTests.release.xcconfig */ = {isa = PBXFileReference; includeInIndex = 1; lastKnownFileType = text.xcconfig; name = "Pods-WeatherAppTests.release.xcconfig"; path = "Pods/Target Support Files/Pods-WeatherAppTests/Pods-WeatherAppTests.release.xcconfig"; sourceTree = "<group>"; };
		5AB7CAD68D1F190FC52A3965 /* Pods-WeatherApp.release.xcconfig */ = {isa = PBXFileReference; includeInIndex = 1; lastKnownFileType = text.xcconfig; name = "Pods-WeatherApp.release.xcconfig"; path = "Pods/Target Support Files/Pods-WeatherApp/Pods-WeatherApp.release.xcconfig"; sourceTree = "<group>"; };
		6494F67DFBEFE26AD4C92AE6 /* Pods-WeatherApp.debug.xcconfig */ = {isa = PBXFileReference; includeInIndex = 1; lastKnownFileType = text.xcconfig; name = "Pods-WeatherApp.debug.xcconfig"; path = "Pods/Target Support Files/Pods-WeatherApp/Pods-WeatherApp.debug.xcconfig"; sourceTree = "<group>"; };
		6A69DDB56F408A0F7ECB40DB /* Pods_WeatherAppTests.framework */ = {isa = PBXFileReference; explicitFileType = wrapper.framework; includeInIndex = 0; path = Pods_WeatherAppTests.framework; sourceTree = BUILT_PRODUCTS_DIR; };
		6F573862D19A89BDC88DAE86 /* Pods-WeatherAppUITests.release.xcconfig */ = {isa = PBXFileReference; includeInIndex = 1; lastKnownFileType = text.xcconfig; name = "Pods-WeatherAppUITests.release.xcconfig"; path = "Pods/Target Support Files/Pods-WeatherAppUITests/Pods-WeatherAppUITests.release.xcconfig"; sourceTree = "<group>"; };
		8C3EAED21BC75C5363D55E32 /* Pods_WeatherAppUITests.framework */ = {isa = PBXFileReference; explicitFileType = wrapper.framework; includeInIndex = 0; path = Pods_WeatherAppUITests.framework; sourceTree = BUILT_PRODUCTS_DIR; };
		CAA485502F23B16C4A6DADDA /* Pods-WeatherAppUITests.debug.xcconfig */ = {isa = PBXFileReference; includeInIndex = 1; lastKnownFileType = text.xcconfig; name = "Pods-WeatherAppUITests.debug.xcconfig"; path = "Pods/Target Support Files/Pods-WeatherAppUITests/Pods-WeatherAppUITests.debug.xcconfig"; sourceTree = "<group>"; };
		EE96ED36CFC8F6DE7CD950D3 /* Pods-WeatherAppTests.debug.xcconfig */ = {isa = PBXFileReference; includeInIndex = 1; lastKnownFileType = text.xcconfig; name = "Pods-WeatherAppTests.debug.xcconfig"; path = "Pods/Target Support Files/Pods-WeatherAppTests/Pods-WeatherAppTests.debug.xcconfig"; sourceTree = "<group>"; };
/* End PBXFileReference section */

/* Begin PBXFrameworksBuildPhase section */
		11ADCAAA22455F3800029CF5 /* Frameworks */ = {
			isa = PBXFrameworksBuildPhase;
			buildActionMask = 2147483647;
			files = (
				10B590D08E74F493F1CAC4C6 /* Pods_WeatherApp.framework in Frameworks */,
			);
			runOnlyForDeploymentPostprocessing = 0;
		};
		11ADCAC122455F3A00029CF5 /* Frameworks */ = {
			isa = PBXFrameworksBuildPhase;
			buildActionMask = 2147483647;
			files = (
				B54FA34A189F22F042B19321 /* Pods_WeatherAppTests.framework in Frameworks */,
			);
			runOnlyForDeploymentPostprocessing = 0;
		};
		11ADCACC22455F3A00029CF5 /* Frameworks */ = {
			isa = PBXFrameworksBuildPhase;
			buildActionMask = 2147483647;
			files = (
				5881C36CABEADE6EC87E6AD9 /* Pods_WeatherAppUITests.framework in Frameworks */,
			);
			runOnlyForDeploymentPostprocessing = 0;
		};
/* End PBXFrameworksBuildPhase section */

/* Begin PBXGroup section */
		11ADCAA422455F3800029CF5 = {
			isa = PBXGroup;
			children = (
				11ADCAAF22455F3800029CF5 /* WeatherApp */,
				11ADCAC722455F3A00029CF5 /* WeatherAppTests */,
				11ADCAD222455F3A00029CF5 /* WeatherAppUITests */,
				11ADCAAE22455F3800029CF5 /* Products */,
				4AAAEEA5D03AB2A0C0ECBEF1 /* Pods */,
				A7947310FD497124BE5B0C2D /* Frameworks */,
			);
			sourceTree = "<group>";
		};
		11ADCAAE22455F3800029CF5 /* Products */ = {
			isa = PBXGroup;
			children = (
				11ADCAAD22455F3800029CF5 /* WeatherApp.app */,
				11ADCAC422455F3A00029CF5 /* WeatherAppTests.xctest */,
				11ADCACF22455F3A00029CF5 /* WeatherAppUITests.xctest */,
			);
			name = Products;
			sourceTree = "<group>";
		};
		11ADCAAF22455F3800029CF5 /* WeatherApp */ = {
			isa = PBXGroup;
			children = (
				11ADCAB022455F3800029CF5 /* AppDelegate.swift */,
				11ADCAB222455F3800029CF5 /* ViewController.swift */,
				11ADCAB422455F3800029CF5 /* Main.storyboard */,
				11ADCABA22455F3A00029CF5 /* Assets.xcassets */,
				11ADCABC22455F3A00029CF5 /* LaunchScreen.storyboard */,
				11ADCABF22455F3A00029CF5 /* Info.plist */,
				11ADCAB722455F3800029CF5 /* WeatherApp.xcdatamodeld */,
			);
			path = WeatherApp;
			sourceTree = "<group>";
		};
		11ADCAC722455F3A00029CF5 /* WeatherAppTests */ = {
			isa = PBXGroup;
			children = (
				11ADCAC822455F3A00029CF5 /* WeatherAppTests.swift */,
				11ADCACA22455F3A00029CF5 /* Info.plist */,
			);
			path = WeatherAppTests;
			sourceTree = "<group>";
		};
		11ADCAD222455F3A00029CF5 /* WeatherAppUITests */ = {
			isa = PBXGroup;
			children = (
				11ADCAD322455F3A00029CF5 /* WeatherAppUITests.swift */,
				11ADCAD522455F3A00029CF5 /* Info.plist */,
			);
			path = WeatherAppUITests;
			sourceTree = "<group>";
		};
		4AAAEEA5D03AB2A0C0ECBEF1 /* Pods */ = {
			isa = PBXGroup;
			children = (
				6494F67DFBEFE26AD4C92AE6 /* Pods-WeatherApp.debug.xcconfig */,
				5AB7CAD68D1F190FC52A3965 /* Pods-WeatherApp.release.xcconfig */,
				EE96ED36CFC8F6DE7CD950D3 /* Pods-WeatherAppTests.debug.xcconfig */,
				2395917C5CCD8F3E92C11816 /* Pods-WeatherAppTests.release.xcconfig */,
				CAA485502F23B16C4A6DADDA /* Pods-WeatherAppUITests.debug.xcconfig */,
				6F573862D19A89BDC88DAE86 /* Pods-WeatherAppUITests.release.xcconfig */,
			);
			name = Pods;
			sourceTree = "<group>";
		};
		A7947310FD497124BE5B0C2D /* Frameworks */ = {
			isa = PBXGroup;
			children = (
				2087580B500090AEAD36C672 /* Pods_WeatherApp.framework */,
				6A69DDB56F408A0F7ECB40DB /* Pods_WeatherAppTests.framework */,
				8C3EAED21BC75C5363D55E32 /* Pods_WeatherAppUITests.framework */,
			);
			name = Frameworks;
			sourceTree = "<group>";
		};
/* End PBXGroup section */

/* Begin PBXNativeTarget section */
		11ADCAAC22455F3800029CF5 /* WeatherApp */ = {
			isa = PBXNativeTarget;
			buildConfigurationList = 11ADCAD822455F3A00029CF5 /* Build configuration list for PBXNativeTarget "WeatherApp" */;
			buildPhases = (
				0947AF6BCBA6F59EEACDA38B /* [CP] Check Pods Manifest.lock */,
				11ADCAA922455F3800029CF5 /* Sources */,
				11ADCAAA22455F3800029CF5 /* Frameworks */,
				11ADCAAB22455F3800029CF5 /* Resources */,
				C10A62BB1AD52D188A2C4773 /* [CP] Embed Pods Frameworks */,
			);
			buildRules = (
			);
			dependencies = (
			);
			name = WeatherApp;
			productName = WeatherApp;
			productReference = 11ADCAAD22455F3800029CF5 /* WeatherApp.app */;
			productType = "com.apple.product-type.application";
		};
		11ADCAC322455F3A00029CF5 /* WeatherAppTests */ = {
			isa = PBXNativeTarget;
			buildConfigurationList = 11ADCADB22455F3A00029CF5 /* Build configuration list for PBXNativeTarget "WeatherAppTests" */;
			buildPhases = (
				9BA063215A28DD281624C188 /* [CP] Check Pods Manifest.lock */,
				11ADCAC022455F3A00029CF5 /* Sources */,
				11ADCAC122455F3A00029CF5 /* Frameworks */,
				11ADCAC222455F3A00029CF5 /* Resources */,
			);
			buildRules = (
			);
			dependencies = (
				11ADCAC622455F3A00029CF5 /* PBXTargetDependency */,
			);
			name = WeatherAppTests;
			productName = WeatherAppTests;
			productReference = 11ADCAC422455F3A00029CF5 /* WeatherAppTests.xctest */;
			productType = "com.apple.product-type.bundle.unit-test";
		};
		11ADCACE22455F3A00029CF5 /* WeatherAppUITests */ = {
			isa = PBXNativeTarget;
			buildConfigurationList = 11ADCADE22455F3A00029CF5 /* Build configuration list for PBXNativeTarget "WeatherAppUITests" */;
			buildPhases = (
				70156FC17DF9F64D64D1D6F4 /* [CP] Check Pods Manifest.lock */,
				11ADCACB22455F3A00029CF5 /* Sources */,
				11ADCACC22455F3A00029CF5 /* Frameworks */,
				11ADCACD22455F3A00029CF5 /* Resources */,
			);
			buildRules = (
			);
			dependencies = (
				11ADCAD122455F3A00029CF5 /* PBXTargetDependency */,
			);
			name = WeatherAppUITests;
			productName = WeatherAppUITests;
			productReference = 11ADCACF22455F3A00029CF5 /* WeatherAppUITests.xctest */;
			productType = "com.apple.product-type.bundle.ui-testing";
		};
/* End PBXNativeTarget section */

/* Begin PBXProject section */
		11ADCAA522455F3800029CF5 /* Project object */ = {
			isa = PBXProject;
			attributes = {
				LastSwiftUpdateCheck = 1010;
				LastUpgradeCheck = 1010;
				ORGANIZATIONNAME = "Arman Husic";
				TargetAttributes = {
					11ADCAAC22455F3800029CF5 = {
						CreatedOnToolsVersion = 10.1;
					};
					11ADCAC322455F3A00029CF5 = {
						CreatedOnToolsVersion = 10.1;
						TestTargetID = 11ADCAAC22455F3800029CF5;
					};
					11ADCACE22455F3A00029CF5 = {
						CreatedOnToolsVersion = 10.1;
						TestTargetID = 11ADCAAC22455F3800029CF5;
					};
				};
			};
			buildConfigurationList = 11ADCAA822455F3800029CF5 /* Build configuration list for PBXProject "WeatherApp" */;
			compatibilityVersion = "Xcode 9.3";
			developmentRegion = en;
			hasScannedForEncodings = 0;
			knownRegions = (
				en,
				Base,
			);
			mainGroup = 11ADCAA422455F3800029CF5;
			productRefGroup = 11ADCAAE22455F3800029CF5 /* Products */;
			projectDirPath = "";
			projectRoot = "";
			targets = (
				11ADCAAC22455F3800029CF5 /* WeatherApp */,
				11ADCAC322455F3A00029CF5 /* WeatherAppTests */,
				11ADCACE22455F3A00029CF5 /* WeatherAppUITests */,
			);
		};
/* End PBXProject section */

/* Begin PBXResourcesBuildPhase section */
		11ADCAAB22455F3800029CF5 /* Resources */ = {
			isa = PBXResourcesBuildPhase;
			buildActionMask = 2147483647;
			files = (
				11ADCABE22455F3A00029CF5 /* LaunchScreen.storyboard in Resources */,
				11ADCABB22455F3A00029CF5 /* Assets.xcassets in Resources */,
				11ADCAB622455F3800029CF5 /* Main.storyboard in Resources */,
			);
			runOnlyForDeploymentPostprocessing = 0;
		};
		11ADCAC222455F3A00029CF5 /* Resources */ = {
			isa = PBXResourcesBuildPhase;
			buildActionMask = 2147483647;
			files = (
			);
			runOnlyForDeploymentPostprocessing = 0;
		};
		11ADCACD22455F3A00029CF5 /* Resources */ = {
			isa = PBXResourcesBuildPhase;
			buildActionMask = 2147483647;
			files = (
			);
			runOnlyForDeploymentPostprocessing = 0;
		};
/* End PBXResourcesBuildPhase section */

/* Begin PBXShellScriptBuildPhase section */
		0947AF6BCBA6F59EEACDA38B /* [CP] Check Pods Manifest.lock */ = {
			isa = PBXShellScriptBuildPhase;
			buildActionMask = 2147483647;
			files = (
			);
			inputFileListPaths = (
			);
			inputPaths = (
				"${PODS_PODFILE_DIR_PATH}/Podfile.lock",
				"${PODS_ROOT}/Manifest.lock",
			);
			name = "[CP] Check Pods Manifest.lock";
			outputFileListPaths = (
			);
			outputPaths = (
				"$(DERIVED_FILE_DIR)/Pods-WeatherApp-checkManifestLockResult.txt",
			);
			runOnlyForDeploymentPostprocessing = 0;
			shellPath = /bin/sh;
			shellScript = "diff \"${PODS_PODFILE_DIR_PATH}/Podfile.lock\" \"${PODS_ROOT}/Manifest.lock\" > /dev/null\nif [ $? != 0 ] ; then\n    # print error to STDERR\n    echo \"error: The sandbox is not in sync with the Podfile.lock. Run 'pod install' or update your CocoaPods installation.\" >&2\n    exit 1\nfi\n# This output is used by Xcode 'outputs' to avoid re-running this script phase.\necho \"SUCCESS\" > \"${SCRIPT_OUTPUT_FILE_0}\"\n";
			showEnvVarsInLog = 0;
		};
		70156FC17DF9F64D64D1D6F4 /* [CP] Check Pods Manifest.lock */ = {
			isa = PBXShellScriptBuildPhase;
			buildActionMask = 2147483647;
			files = (
			);
			inputFileListPaths = (
			);
			inputPaths = (
				"${PODS_PODFILE_DIR_PATH}/Podfile.lock",
				"${PODS_ROOT}/Manifest.lock",
			);
			name = "[CP] Check Pods Manifest.lock";
			outputFileListPaths = (
			);
			outputPaths = (
				"$(DERIVED_FILE_DIR)/Pods-WeatherAppUITests-checkManifestLockResult.txt",
			);
			runOnlyForDeploymentPostprocessing = 0;
			shellPath = /bin/sh;
			shellScript = "diff \"${PODS_PODFILE_DIR_PATH}/Podfile.lock\" \"${PODS_ROOT}/Manifest.lock\" > /dev/null\nif [ $? != 0 ] ; then\n    # print error to STDERR\n    echo \"error: The sandbox is not in sync with the Podfile.lock. Run 'pod install' or update your CocoaPods installation.\" >&2\n    exit 1\nfi\n# This output is used by Xcode 'outputs' to avoid re-running this script phase.\necho \"SUCCESS\" > \"${SCRIPT_OUTPUT_FILE_0}\"\n";
			showEnvVarsInLog = 0;
		};
		9BA063215A28DD281624C188 /* [CP] Check Pods Manifest.lock */ = {
			isa = PBXShellScriptBuildPhase;
			buildActionMask = 2147483647;
			files = (
			);
			inputFileListPaths = (
			);
			inputPaths = (
				"${PODS_PODFILE_DIR_PATH}/Podfile.lock",
				"${PODS_ROOT}/Manifest.lock",
			);
			name = "[CP] Check Pods Manifest.lock";
			outputFileListPaths = (
			);
			outputPaths = (
				"$(DERIVED_FILE_DIR)/Pods-WeatherAppTests-checkManifestLockResult.txt",
			);
			runOnlyForDeploymentPostprocessing = 0;
			shellPath = /bin/sh;
			shellScript = "diff \"${PODS_PODFILE_DIR_PATH}/Podfile.lock\" \"${PODS_ROOT}/Manifest.lock\" > /dev/null\nif [ $? != 0 ] ; then\n    # print error to STDERR\n    echo \"error: The sandbox is not in sync with the Podfile.lock. Run 'pod install' or update your CocoaPods installation.\" >&2\n    exit 1\nfi\n# This output is used by Xcode 'outputs' to avoid re-running this script phase.\necho \"SUCCESS\" > \"${SCRIPT_OUTPUT_FILE_0}\"\n";
			showEnvVarsInLog = 0;
		};
		C10A62BB1AD52D188A2C4773 /* [CP] Embed Pods Frameworks */ = {
			isa = PBXShellScriptBuildPhase;
			buildActionMask = 2147483647;
			files = (
			);
			inputFileListPaths = (
			);
			inputPaths = (
				"${SRCROOT}/Pods/Target Support Files/Pods-WeatherApp/Pods-WeatherApp-frameworks.sh",
				"${BUILT_PRODUCTS_DIR}/Alamofire/Alamofire.framework",
				"${BUILT_PRODUCTS_DIR}/NVActivityIndicatorView/NVActivityIndicatorView.framework",
				"${BUILT_PRODUCTS_DIR}/SwiftyJSON/SwiftyJSON.framework",
			);
			name = "[CP] Embed Pods Frameworks";
			outputFileListPaths = (
			);
			outputPaths = (
				"${TARGET_BUILD_DIR}/${FRAMEWORKS_FOLDER_PATH}/Alamofire.framework",
				"${TARGET_BUILD_DIR}/${FRAMEWORKS_FOLDER_PATH}/NVActivityIndicatorView.framework",
				"${TARGET_BUILD_DIR}/${FRAMEWORKS_FOLDER_PATH}/SwiftyJSON.framework",
			);
			runOnlyForDeploymentPostprocessing = 0;
			shellPath = /bin/sh;
			shellScript = "\"${SRCROOT}/Pods/Target Support Files/Pods-WeatherApp/Pods-WeatherApp-frameworks.sh\"\n";
			showEnvVarsInLog = 0;
		};
/* End PBXShellScriptBuildPhase section */

/* Begin PBXSourcesBuildPhase section */
		11ADCAA922455F3800029CF5 /* Sources */ = {
			isa = PBXSourcesBuildPhase;
			buildActionMask = 2147483647;
			files = (
				11ADCAB922455F3800029CF5 /* WeatherApp.xcdatamodeld in Sources */,
				11ADCAB322455F3800029CF5 /* ViewController.swift in Sources */,
				11ADCAB122455F3800029CF5 /* AppDelegate.swift in Sources */,
			);
			runOnlyForDeploymentPostprocessing = 0;
		};
		11ADCAC022455F3A00029CF5 /* Sources */ = {
			isa = PBXSourcesBuildPhase;
			buildActionMask = 2147483647;
			files = (
				11ADCAC922455F3A00029CF5 /* WeatherAppTests.swift in Sources */,
			);
			runOnlyForDeploymentPostprocessing = 0;
		};
		11ADCACB22455F3A00029CF5 /* Sources */ = {
			isa = PBXSourcesBuildPhase;
			buildActionMask = 2147483647;
			files = (
				11ADCAD422455F3A00029CF5 /* WeatherAppUITests.swift in Sources */,
			);
			runOnlyForDeploymentPostprocessing = 0;
		};
/* End PBXSourcesBuildPhase section */

/* Begin PBXTargetDependency section */
		11ADCAC622455F3A00029CF5 /* PBXTargetDependency */ = {
			isa = PBXTargetDependency;
			target = 11ADCAAC22455F3800029CF5 /* WeatherApp */;
			targetProxy = 11ADCAC522455F3A00029CF5 /* PBXContainerItemProxy */;
		};
		11ADCAD122455F3A00029CF5 /* PBXTargetDependency */ = {
			isa = PBXTargetDependency;
			target = 11ADCAAC22455F3800029CF5 /* WeatherApp */;
			targetProxy = 11ADCAD022455F3A00029CF5 /* PBXContainerItemProxy */;
		};
/* End PBXTargetDependency section */

/* Begin PBXVariantGroup section */
		11ADCAB422455F3800029CF5 /* Main.storyboard */ = {
			isa = PBXVariantGroup;
			children = (
				11ADCAB522455F3800029CF5 /* Base */,
			);
			name = Main.storyboard;
			sourceTree = "<group>";
		};
		11ADCABC22455F3A00029CF5 /* LaunchScreen.storyboard */ = {
			isa = PBXVariantGroup;
			children = (
				11ADCABD22455F3A00029CF5 /* Base */,
			);
			name = LaunchScreen.storyboard;
			sourceTree = "<group>";
		};
/* End PBXVariantGroup section */

/* Begin XCBuildConfiguration section */
		11ADCAD622455F3A00029CF5 /* Debug */ = {
			isa = XCBuildConfiguration;
			buildSettings = {
				ALWAYS_SEARCH_USER_PATHS = NO;
				CLANG_ANALYZER_NONNULL = YES;
				CLANG_ANALYZER_NUMBER_OBJECT_CONVERSION = YES_AGGRESSIVE;
				CLANG_CXX_LANGUAGE_STANDARD = "gnu++14";
				CLANG_CXX_LIBRARY = "libc++";
				CLANG_ENABLE_MODULES = YES;
				CLANG_ENABLE_OBJC_ARC = YES;
				CLANG_ENABLE_OBJC_WEAK = YES;
				CLANG_WARN_BLOCK_CAPTURE_AUTORELEASING = YES;
				CLANG_WARN_BOOL_CONVERSION = YES;
				CLANG_WARN_COMMA = YES;
				CLANG_WARN_CONSTANT_CONVERSION = YES;
				CLANG_WARN_DEPRECATED_OBJC_IMPLEMENTATIONS = YES;
				CLANG_WARN_DIRECT_OBJC_ISA_USAGE = YES_ERROR;
				CLANG_WARN_DOCUMENTATION_COMMENTS = YES;
				CLANG_WARN_EMPTY_BODY = YES;
				CLANG_WARN_ENUM_CONVERSION = YES;
				CLANG_WARN_INFINITE_RECURSION = YES;
				CLANG_WARN_INT_CONVERSION = YES;
				CLANG_WARN_NON_LITERAL_NULL_CONVERSION = YES;
				CLANG_WARN_OBJC_IMPLICIT_RETAIN_SELF = YES;
				CLANG_WARN_OBJC_LITERAL_CONVERSION = YES;
				CLANG_WARN_OBJC_ROOT_CLASS = YES_ERROR;
				CLANG_WARN_RANGE_LOOP_ANALYSIS = YES;
				CLANG_WARN_STRICT_PROTOTYPES = YES;
				CLANG_WARN_SUSPICIOUS_MOVE = YES;
				CLANG_WARN_UNGUARDED_AVAILABILITY = YES_AGGRESSIVE;
				CLANG_WARN_UNREACHABLE_CODE = YES;
				CLANG_WARN__DUPLICATE_METHOD_MATCH = YES;
				CODE_SIGN_IDENTITY = "iPhone Developer";
				COPY_PHASE_STRIP = NO;
				DEBUG_INFORMATION_FORMAT = dwarf;
				ENABLE_STRICT_OBJC_MSGSEND = YES;
				ENABLE_TESTABILITY = YES;
				GCC_C_LANGUAGE_STANDARD = gnu11;
				GCC_DYNAMIC_NO_PIC = NO;
				GCC_NO_COMMON_BLOCKS = YES;
				GCC_OPTIMIZATION_LEVEL = 0;
				GCC_PREPROCESSOR_DEFINITIONS = (
					"DEBUG=1",
					"$(inherited)",
				);
				GCC_WARN_64_TO_32_BIT_CONVERSION = YES;
				GCC_WARN_ABOUT_RETURN_TYPE = YES_ERROR;
				GCC_WARN_UNDECLARED_SELECTOR = YES;
				GCC_WARN_UNINITIALIZED_AUTOS = YES_AGGRESSIVE;
				GCC_WARN_UNUSED_FUNCTION = YES;
				GCC_WARN_UNUSED_VARIABLE = YES;
				IPHONEOS_DEPLOYMENT_TARGET = 12.1;
				MTL_ENABLE_DEBUG_INFO = INCLUDE_SOURCE;
				MTL_FAST_MATH = YES;
				ONLY_ACTIVE_ARCH = YES;
				SDKROOT = iphoneos;
				SWIFT_ACTIVE_COMPILATION_CONDITIONS = DEBUG;
				SWIFT_OPTIMIZATION_LEVEL = "-Onone";
			};
			name = Debug;
		};
		11ADCAD722455F3A00029CF5 /* Release */ = {
			isa = XCBuildConfiguration;
			buildSettings = {
				ALWAYS_SEARCH_USER_PATHS = NO;
				CLANG_ANALYZER_NONNULL = YES;
				CLANG_ANALYZER_NUMBER_OBJECT_CONVERSION = YES_AGGRESSIVE;
				CLANG_CXX_LANGUAGE_STANDARD = "gnu++14";
				CLANG_CXX_LIBRARY = "libc++";
				CLANG_ENABLE_MODULES = YES;
				CLANG_ENABLE_OBJC_ARC = YES;
				CLANG_ENABLE_OBJC_WEAK = YES;
				CLANG_WARN_BLOCK_CAPTURE_AUTORELEASING = YES;
				CLANG_WARN_BOOL_CONVERSION = YES;
				CLANG_WARN_COMMA = YES;
				CLANG_WARN_CONSTANT_CONVERSION = YES;
				CLANG_WARN_DEPRECATED_OBJC_IMPLEMENTATIONS = YES;
				CLANG_WARN_DIRECT_OBJC_ISA_USAGE = YES_ERROR;
				CLANG_WARN_DOCUMENTATION_COMMENTS = YES;
				CLANG_WARN_EMPTY_BODY = YES;
				CLANG_WARN_ENUM_CONVERSION = YES;
				CLANG_WARN_INFINITE_RECURSION = YES;
				CLANG_WARN_INT_CONVERSION = YES;
				CLANG_WARN_NON_LITERAL_NULL_CONVERSION = YES;
				CLANG_WARN_OBJC_IMPLICIT_RETAIN_SELF = YES;
				CLANG_WARN_OBJC_LITERAL_CONVERSION = YES;
				CLANG_WARN_OBJC_ROOT_CLASS = YES_ERROR;
				CLANG_WARN_RANGE_LOOP_ANALYSIS = YES;
				CLANG_WARN_STRICT_PROTOTYPES = YES;
				CLANG_WARN_SUSPICIOUS_MOVE = YES;
				CLANG_WARN_UNGUARDED_AVAILABILITY = YES_AGGRESSIVE;
				CLANG_WARN_UNREACHABLE_CODE = YES;
				CLANG_WARN__DUPLICATE_METHOD_MATCH = YES;
				CODE_SIGN_IDENTITY = "iPhone Developer";
				COPY_PHASE_STRIP = NO;
				DEBUG_INFORMATION_FORMAT = "dwarf-with-dsym";
				ENABLE_NS_ASSERTIONS = NO;
				ENABLE_STRICT_OBJC_MSGSEND = YES;
				GCC_C_LANGUAGE_STANDARD = gnu11;
				GCC_NO_COMMON_BLOCKS = YES;
				GCC_WARN_64_TO_32_BIT_CONVERSION = YES;
				GCC_WARN_ABOUT_RETURN_TYPE = YES_ERROR;
				GCC_WARN_UNDECLARED_SELECTOR = YES;
				GCC_WARN_UNINITIALIZED_AUTOS = YES_AGGRESSIVE;
				GCC_WARN_UNUSED_FUNCTION = YES;
				GCC_WARN_UNUSED_VARIABLE = YES;
				IPHONEOS_DEPLOYMENT_TARGET = 12.1;
				MTL_ENABLE_DEBUG_INFO = NO;
				MTL_FAST_MATH = YES;
				SDKROOT = iphoneos;
				SWIFT_COMPILATION_MODE = wholemodule;
				SWIFT_OPTIMIZATION_LEVEL = "-O";
				VALIDATE_PRODUCT = YES;
			};
			name = Release;
		};
		11ADCAD922455F3A00029CF5 /* Debug */ = {
			isa = XCBuildConfiguration;
			baseConfigurationReference = 6494F67DFBEFE26AD4C92AE6 /* Pods-WeatherApp.debug.xcconfig */;
			buildSettings = {
				ASSETCATALOG_COMPILER_APPICON_NAME = AppIcon;
				CODE_SIGN_STYLE = Automatic;
				DEVELOPMENT_TEAM = 2DYJ6BS3VG;
				INFOPLIST_FILE = WeatherApp/Info.plist;
				LD_RUNPATH_SEARCH_PATHS = (
					"$(inherited)",
					"@executable_path/Frameworks",
				);
				PRODUCT_BUNDLE_IDENTIFIER = com.sfsuArmanHusic.WeatherApp;
				PRODUCT_NAME = "$(TARGET_NAME)";
				SWIFT_VERSION = 4.2;
				TARGETED_DEVICE_FAMILY = "1,2";
			};
			name = Debug;
		};
		11ADCADA22455F3A00029CF5 /* Release */ = {
			isa = XCBuildConfiguration;
			baseConfigurationReference = 5AB7CAD68D1F190FC52A3965 /* Pods-WeatherApp.release.xcconfig */;
			buildSettings = {
				ASSETCATALOG_COMPILER_APPICON_NAME = AppIcon;
				CODE_SIGN_STYLE = Automatic;
				DEVELOPMENT_TEAM = 2DYJ6BS3VG;
				INFOPLIST_FILE = WeatherApp/Info.plist;
				LD_RUNPATH_SEARCH_PATHS = (
					"$(inherited)",
					"@executable_path/Frameworks",
				);
				PRODUCT_BUNDLE_IDENTIFIER = com.sfsuArmanHusic.WeatherApp;
				PRODUCT_NAME = "$(TARGET_NAME)";
				SWIFT_VERSION = 4.2;
				TARGETED_DEVICE_FAMILY = "1,2";
			};
			name = Release;
		};
		11ADCADC22455F3A00029CF5 /* Debug */ = {
			isa = XCBuildConfiguration;
			baseConfigurationReference = EE96ED36CFC8F6DE7CD950D3 /* Pods-WeatherAppTests.debug.xcconfig */;
			buildSettings = {
				ALWAYS_EMBED_SWIFT_STANDARD_LIBRARIES = YES;
				BUNDLE_LOADER = "$(TEST_HOST)";
				CODE_SIGN_STYLE = Automatic;
				DEVELOPMENT_TEAM = 2DYJ6BS3VG;
				INFOPLIST_FILE = WeatherAppTests/Info.plist;
				LD_RUNPATH_SEARCH_PATHS = (
					"$(inherited)",
					"@executable_path/Frameworks",
					"@loader_path/Frameworks",
				);
				PRODUCT_BUNDLE_IDENTIFIER = com.sfsuArmanHusic.WeatherAppTests;
				PRODUCT_NAME = "$(TARGET_NAME)";
				SWIFT_VERSION = 4.2;
				TARGETED_DEVICE_FAMILY = "1,2";
				TEST_HOST = "$(BUILT_PRODUCTS_DIR)/WeatherApp.app/WeatherApp";
			};
			name = Debug;
		};
		11ADCADD22455F3A00029CF5 /* Release */ = {
			isa = XCBuildConfiguration;
			baseConfigurationReference = 2395917C5CCD8F3E92C11816 /* Pods-WeatherAppTests.release.xcconfig */;
			buildSettings = {
				ALWAYS_EMBED_SWIFT_STANDARD_LIBRARIES = YES;
				BUNDLE_LOADER = "$(TEST_HOST)";
				CODE_SIGN_STYLE = Automatic;
				DEVELOPMENT_TEAM = 2DYJ6BS3VG;
				INFOPLIST_FILE = WeatherAppTests/Info.plist;
				LD_RUNPATH_SEARCH_PATHS = (
					"$(inherited)",
					"@executable_path/Frameworks",
					"@loader_path/Frameworks",
				);
				PRODUCT_BUNDLE_IDENTIFIER = com.sfsuArmanHusic.WeatherAppTests;
				PRODUCT_NAME = "$(TARGET_NAME)";
				SWIFT_VERSION = 4.2;
				TARGETED_DEVICE_FAMILY = "1,2";
				TEST_HOST = "$(BUILT_PRODUCTS_DIR)/WeatherApp.app/WeatherApp";
			};
			name = Release;
		};
		11ADCADF22455F3A00029CF5 /* Debug */ = {
			isa = XCBuildConfiguration;
			baseConfigurationReference = CAA485502F23B16C4A6DADDA /* Pods-WeatherAppUITests.debug.xcconfig */;
			buildSettings = {
				ALWAYS_EMBED_SWIFT_STANDARD_LIBRARIES = YES;
				CODE_SIGN_STYLE = Automatic;
				DEVELOPMENT_TEAM = 2DYJ6BS3VG;
				INFOPLIST_FILE = WeatherAppUITests/Info.plist;
				LD_RUNPATH_SEARCH_PATHS = (
					"$(inherited)",
					"@executable_path/Frameworks",
					"@loader_path/Frameworks",
				);
				PRODUCT_BUNDLE_IDENTIFIER = com.sfsuArmanHusic.WeatherAppUITests;
				PRODUCT_NAME = "$(TARGET_NAME)";
				SWIFT_VERSION = 4.2;
				TARGETED_DEVICE_FAMILY = "1,2";
				TEST_TARGET_NAME = WeatherApp;
			};
			name = Debug;
		};
		11ADCAE022455F3A00029CF5 /* Release */ = {
			isa = XCBuildConfiguration;
			baseConfigurationReference = 6F573862D19A89BDC88DAE86 /* Pods-WeatherAppUITests.release.xcconfig */;
			buildSettings = {
				ALWAYS_EMBED_SWIFT_STANDARD_LIBRARIES = YES;
				CODE_SIGN_STYLE = Automatic;
				DEVELOPMENT_TEAM = 2DYJ6BS3VG;
				INFOPLIST_FILE = WeatherAppUITests/Info.plist;
				LD_RUNPATH_SEARCH_PATHS = (
					"$(inherited)",
					"@executable_path/Frameworks",
					"@loader_path/Frameworks",
				);
				PRODUCT_BUNDLE_IDENTIFIER = com.sfsuArmanHusic.WeatherAppUITests;
				PRODUCT_NAME = "$(TARGET_NAME)";
				SWIFT_VERSION = 4.2;
				TARGETED_DEVICE_FAMILY = "1,2";
				TEST_TARGET_NAME = WeatherApp;
			};
			name = Release;
		};
/* End XCBuildConfiguration section */

/* Begin XCConfigurationList section */
		11ADCAA822455F3800029CF5 /* Build configuration list for PBXProject "WeatherApp" */ = {
			isa = XCConfigurationList;
			buildConfigurations = (
				11ADCAD622455F3A00029CF5 /* Debug */,
				11ADCAD722455F3A00029CF5 /* Release */,
			);
			defaultConfigurationIsVisible = 0;
			defaultConfigurationName = Release;
		};
		11ADCAD822455F3A00029CF5 /* Build configuration list for PBXNativeTarget "WeatherApp" */ = {
			isa = XCConfigurationList;
			buildConfigurations = (
				11ADCAD922455F3A00029CF5 /* Debug */,
				11ADCADA22455F3A00029CF5 /* Release */,
			);
			defaultConfigurationIsVisible = 0;
			defaultConfigurationName = Release;
		};
		11ADCADB22455F3A00029CF5 /* Build configuration list for PBXNativeTarget "WeatherAppTests" */ = {
			isa = XCConfigurationList;
			buildConfigurations = (
				11ADCADC22455F3A00029CF5 /* Debug */,
				11ADCADD22455F3A00029CF5 /* Release */,
			);
			defaultConfigurationIsVisible = 0;
			defaultConfigurationName = Release;
		};
		11ADCADE22455F3A00029CF5 /* Build configuration list for PBXNativeTarget "WeatherAppUITests" */ = {
			isa = XCConfigurationList;
			buildConfigurations = (
				11ADCADF22455F3A00029CF5 /* Debug */,
				11ADCAE022455F3A00029CF5 /* Release */,
			);
			defaultConfigurationIsVisible = 0;
			defaultConfigurationName = Release;
		};
/* End XCConfigurationList section */

/* Begin XCVersionGroup section */
		11ADCAB722455F3800029CF5 /* WeatherApp.xcdatamodeld */ = {
			isa = XCVersionGroup;
			children = (
				11ADCAB822455F3800029CF5 /* WeatherApp.xcdatamodel */,
			);
			currentVersion = 11ADCAB822455F3800029CF5 /* WeatherApp.xcdatamodel */;
			path = WeatherApp.xcdatamodeld;
			sourceTree = "<group>";
			versionGroupType = wrapper.xcdatamodel;
		};
/* End XCVersionGroup section */
	};
	rootObject = 11ADCAA522455F3800029CF5 /* Project object */;
}
